
Microsoft Visual Studio Solution File, Format Version 12.00
Project("{FAE04EC0-301F-11D3-BF4B-00C04F79EFBC}") = "Api", "Api\Api.csproj", "{C3768F94-B8CF-45D4-B21B-11C6155C3055}"
EndProject
Project("{2150E333-8FDC-42A3-9474-1A3956D46DE8}") = "Core", "Core", "{7ECCCA9D-C831-4A4E-AB6F-CA40EE8C57D8}"
EndProject
Project("{FAE04EC0-301F-11D3-BF4B-00C04F79EFBC}") = "Domain", "Domain\Domain.csproj", "{A2A1EF83-7F61-4589-9174-6DD7874745F2}"
EndProject
Project("{FAE04EC0-301F-11D3-BF4B-00C04F79EFBC}") = "Application", "Application\Application.csproj", "{50684B30-6B85-4FFD-9ED5-9AC248563789}"
EndProject
Global
	GlobalSection(SolutionConfigurationPlatforms) = preSolution
		Debug|Any CPU = Debug|Any CPU
		Release|Any CPU = Release|Any CPU
	EndGlobalSection
	GlobalSection(ProjectConfigurationPlatforms) = postSolution
		{C3768F94-B8CF-45D4-B21B-11C6155C3055}.Debug|Any CPU.ActiveCfg = Debug|Any CPU
		{C3768F94-B8CF-45D4-B21B-11C6155C3055}.Debug|Any CPU.Build.0 = Debug|Any CPU
		{C3768F94-B8CF-45D4-B21B-11C6155C3055}.Release|Any CPU.ActiveCfg = Release|Any CPU
		{C3768F94-B8CF-45D4-B21B-11C6155C3055}.Release|Any CPU.Build.0 = Release|Any CPU
		{A2A1EF83-7F61-4589-9174-6DD7874745F2}.Debug|Any CPU.ActiveCfg = Debug|Any CPU
		{A2A1EF83-7F61-4589-9174-6DD7874745F2}.Debug|Any CPU.Build.0 = Debug|Any CPU
		{A2A1EF83-7F61-4589-9174-6DD7874745F2}.Release|Any CPU.ActiveCfg = Release|Any CPU
		{A2A1EF83-7F61-4589-9174-6DD7874745F2}.Release|Any CPU.Build.0 = Release|Any CPU
		{50684B30-6B85-4FFD-9ED5-9AC248563789}.Debug|Any CPU.ActiveCfg = Debug|Any CPU
		{50684B30-6B85-4FFD-9ED5-9AC248563789}.Debug|Any CPU.Build.0 = Debug|Any CPU
		{50684B30-6B85-4FFD-9ED5-9AC248563789}.Release|Any CPU.ActiveCfg = Release|Any CPU
		{50684B30-6B85-4FFD-9ED5-9AC248563789}.Release|Any CPU.Build.0 = Release|Any CPU
	EndGlobalSection
	GlobalSection(NestedProjects) = preSolution
		{A2A1EF83-7F61-4589-9174-6DD7874745F2} = {7ECCCA9D-C831-4A4E-AB6F-CA40EE8C57D8}
		{50684B30-6B85-4FFD-9ED5-9AC248563789} = {7ECCCA9D-C831-4A4E-AB6F-CA40EE8C57D8}
	EndGlobalSection
EndGlobal
